
Microsoft Visual Studio Solution File, Format Version 12.00
# Visual Studio Version 17
VisualStudioVersion = 17.7.34031.279
MinimumVisualStudioVersion = 10.0.40219.1
Project("{FAE04EC0-301F-11D3-BF4B-00C04F79EFBC}") = "UserHash", "UserHash.csproj", "{AC3A687D-1223-47FD-A0A9-485E6216CAE9}"
EndProject
Global
	GlobalSection(SolutionConfigurationPlatforms) = preSolution
		Debug|Any CPU = Debug|Any CPU
		Release|Any CPU = Release|Any CPU
	EndGlobalSection
	GlobalSection(ProjectConfigurationPlatforms) = postSolution
		{AC3A687D-1223-47FD-A0A9-485E6216CAE9}.Debug|Any CPU.ActiveCfg = Debug|Any CPU
		{AC3A687D-1223-47FD-A0A9-485E6216CAE9}.Debug|Any CPU.Build.0 = Debug|Any CPU
		{AC3A687D-1223-47FD-A0A9-485E6216CAE9}.Release|Any CPU.ActiveCfg = Release|Any CPU
		{AC3A687D-1223-47FD-A0A9-485E6216CAE9}.Release|Any CPU.Build.0 = Release|Any CPU
	EndGlobalSection
	GlobalSection(SolutionProperties) = preSolution
		HideSolutionNode = FALSE
	EndGlobalSection
	GlobalSection(ExtensibilityGlobals) = postSolution
		SolutionGuid = {EA8C951E-2AE4-48B9-8107-257BACE3FCC6}
	EndGlobalSection
EndGlobal
